// !$*UTF8*$!
{
	archiveVersion = 1;
	classes = {
	};
	objectVersion = 50;
	objects = {

/* Begin PBXBuildFile section */
		D536F77E251E0A5A003D3716 /* AppDelegate.swift in Sources */ = {isa = PBXBuildFile; fileRef = D536F77D251E0A5A003D3716 /* AppDelegate.swift */; };
		D536F780251E0A5A003D3716 /* SceneDelegate.swift in Sources */ = {isa = PBXBuildFile; fileRef = D536F77F251E0A5A003D3716 /* SceneDelegate.swift */; };
		D536F782251E0A5A003D3716 /* ViewController.swift in Sources */ = {isa = PBXBuildFile; fileRef = D536F781251E0A5A003D3716 /* ViewController.swift */; };
		D536F785251E0A5A003D3716 /* Main.storyboard in Resources */ = {isa = PBXBuildFile; fileRef = D536F783251E0A5A003D3716 /* Main.storyboard */; };
		D536F787251E0A5D003D3716 /* Assets.xcassets in Resources */ = {isa = PBXBuildFile; fileRef = D536F786251E0A5D003D3716 /* Assets.xcassets */; };
		D536F78A251E0A5D003D3716 /* LaunchScreen.storyboard in Resources */ = {isa = PBXBuildFile; fileRef = D536F788251E0A5D003D3716 /* LaunchScreen.storyboard */; };
		D536F795251E0A5D003D3716 /* FlixTests.swift in Sources */ = {isa = PBXBuildFile; fileRef = D536F794251E0A5D003D3716 /* FlixTests.swift */; };
		D536F7A0251E0A5D003D3716 /* FlixUITests.swift in Sources */ = {isa = PBXBuildFile; fileRef = D536F79F251E0A5D003D3716 /* FlixUITests.swift */; };
/* End PBXBuildFile section */

/* Begin PBXContainerItemProxy section */
		D536F791251E0A5D003D3716 /* PBXContainerItemProxy */ = {
			isa = PBXContainerItemProxy;
			containerPortal = D536F772251E0A5A003D3716 /* Project object */;
			proxyType = 1;
			remoteGlobalIDString = D536F779251E0A5A003D3716;
			remoteInfo = Flix;
		};
		D536F79C251E0A5D003D3716 /* PBXContainerItemProxy */ = {
			isa = PBXContainerItemProxy;
			containerPortal = D536F772251E0A5A003D3716 /* Project object */;
			proxyType = 1;
			remoteGlobalIDString = D536F779251E0A5A003D3716;
			remoteInfo = Flix;
		};
/* End PBXContainerItemProxy section */

/* Begin PBXFileReference section */
		D536F77A251E0A5A003D3716 /* Flix.app */ = {isa = PBXFileReference; explicitFileType = wrapper.application; includeInIndex = 0; path = Flix.app; sourceTree = BUILT_PRODUCTS_DIR; };
		D536F77D251E0A5A003D3716 /* AppDelegate.swift */ = {isa = PBXFileReference; lastKnownFileType = sourcecode.swift; path = AppDelegate.swift; sourceTree = "<group>"; };
		D536F77F251E0A5A003D3716 /* SceneDelegate.swift */ = {isa = PBXFileReference; lastKnownFileType = sourcecode.swift; path = SceneDelegate.swift; sourceTree = "<group>"; };
		D536F781251E0A5A003D3716 /* ViewController.swift */ = {isa = PBXFileReference; lastKnownFileType = sourcecode.swift; path = ViewController.swift; sourceTree = "<group>"; };
		D536F784251E0A5A003D3716 /* Base */ = {isa = PBXFileReference; lastKnownFileType = file.storyboard; name = Base; path = Base.lproj/Main.storyboard; sourceTree = "<group>"; };
		D536F786251E0A5D003D3716 /* Assets.xcassets */ = {isa = PBXFileReference; lastKnownFileType = folder.assetcatalog; path = Assets.xcassets; sourceTree = "<group>"; };
		D536F789251E0A5D003D3716 /* Base */ = {isa = PBXFileReference; lastKnownFileType = file.storyboard; name = Base; path = Base.lproj/LaunchScreen.storyboard; sourceTree = "<group>"; };
		D536F78B251E0A5D003D3716 /* Info.plist */ = {isa = PBXFileReference; lastKnownFileType = text.plist.xml; path = Info.plist; sourceTree = "<group>"; };
		D536F790251E0A5D003D3716 /* FlixTests.xctest */ = {isa = PBXFileReference; explicitFileType = wrapper.cfbundle; includeInIndex = 0; path = FlixTests.xctest; sourceTree = BUILT_PRODUCTS_DIR; };
		D536F794251E0A5D003D3716 /* FlixTests.swift */ = {isa = PBXFileReference; lastKnownFileType = sourcecode.swift; path = FlixTests.swift; sourceTree = "<group>"; };
		D536F796251E0A5D003D3716 /* Info.plist */ = {isa = PBXFileReference; lastKnownFileType = text.plist.xml; path = Info.plist; sourceTree = "<group>"; };
		D536F79B251E0A5D003D3716 /* FlixUITests.xctest */ = {isa = PBXFileReference; explicitFileType = wrapper.cfbundle; includeInIndex = 0; path = FlixUITests.xctest; sourceTree = BUILT_PRODUCTS_DIR; };
		D536F79F251E0A5D003D3716 /* FlixUITests.swift */ = {isa = PBXFileReference; lastKnownFileType = sourcecode.swift; path = FlixUITests.swift; sourceTree = "<group>"; };
		D536F7A1251E0A5D003D3716 /* Info.plist */ = {isa = PBXFileReference; lastKnownFileType = text.plist.xml; path = Info.plist; sourceTree = "<group>"; };
/* End PBXFileReference section */

/* Begin PBXFrameworksBuildPhase section */
		D536F777251E0A5A003D3716 /* Frameworks */ = {
			isa = PBXFrameworksBuildPhase;
			buildActionMask = 2147483647;
			files = (
			);
			runOnlyForDeploymentPostprocessing = 0;
		};
		D536F78D251E0A5D003D3716 /* Frameworks */ = {
			isa = PBXFrameworksBuildPhase;
			buildActionMask = 2147483647;
			files = (
			);
			runOnlyForDeploymentPostprocessing = 0;
		};
		D536F798251E0A5D003D3716 /* Frameworks */ = {
			isa = PBXFrameworksBuildPhase;
			buildActionMask = 2147483647;
			files = (
			);
			runOnlyForDeploymentPostprocessing = 0;
		};
/* End PBXFrameworksBuildPhase section */

/* Begin PBXGroup section */
		D536F771251E0A5A003D3716 = {
			isa = PBXGroup;
			children = (
				D536F77C251E0A5A003D3716 /* Flix */,
				D536F793251E0A5D003D3716 /* FlixTests */,
				D536F79E251E0A5D003D3716 /* FlixUITests */,
				D536F77B251E0A5A003D3716 /* Products */,
			);
			sourceTree = "<group>";
		};
		D536F77B251E0A5A003D3716 /* Products */ = {
			isa = PBXGroup;
			children = (
				D536F77A251E0A5A003D3716 /* Flix.app */,
				D536F790251E0A5D003D3716 /* FlixTests.xctest */,
				D536F79B251E0A5D003D3716 /* FlixUITests.xctest */,
			);
			name = Products;
			sourceTree = "<group>";
		};
		D536F77C251E0A5A003D3716 /* Flix */ = {
			isa = PBXGroup;
			children = (
				D536F77D251E0A5A003D3716 /* AppDelegate.swift */,
				D536F77F251E0A5A003D3716 /* SceneDelegate.swift */,
				D536F781251E0A5A003D3716 /* ViewController.swift */,
				D536F783251E0A5A003D3716 /* Main.storyboard */,
				D536F786251E0A5D003D3716 /* Assets.xcassets */,
				D536F788251E0A5D003D3716 /* LaunchScreen.storyboard */,
				D536F78B251E0A5D003D3716 /* Info.plist */,
			);
			path = Flix;
			sourceTree = "<group>";
		};
		D536F793251E0A5D003D3716 /* FlixTests */ = {
			isa = PBXGroup;
			children = (
				D536F794251E0A5D003D3716 /* FlixTests.swift */,
				D536F796251E0A5D003D3716 /* Info.plist */,
			);
			path = FlixTests;
			sourceTree = "<group>";
		};
		D536F79E251E0A5D003D3716 /* FlixUITests */ = {
			isa = PBXGroup;
			children = (
				D536F79F251E0A5D003D3716 /* FlixUITests.swift */,
				D536F7A1251E0A5D003D3716 /* Info.plist */,
			);
			path = FlixUITests;
			sourceTree = "<group>";
		};
/* End PBXGroup section */

/* Begin PBXNativeTarget section */
		D536F779251E0A5A003D3716 /* Flix */ = {
			isa = PBXNativeTarget;
			buildConfigurationList = D536F7A4251E0A5D003D3716 /* Build configuration list for PBXNativeTarget "Flix" */;
			buildPhases = (
				D536F776251E0A5A003D3716 /* Sources */,
				D536F777251E0A5A003D3716 /* Frameworks */,
				D536F778251E0A5A003D3716 /* Resources */,
			);
			buildRules = (
			);
			dependencies = (
			);
			name = Flix;
			productName = Flix;
			productReference = D536F77A251E0A5A003D3716 /* Flix.app */;
			productType = "com.apple.product-type.application";
		};
		D536F78F251E0A5D003D3716 /* FlixTests */ = {
			isa = PBXNativeTarget;
			buildConfigurationList = D536F7A7251E0A5D003D3716 /* Build configuration list for PBXNativeTarget "FlixTests" */;
			buildPhases = (
				D536F78C251E0A5D003D3716 /* Sources */,
				D536F78D251E0A5D003D3716 /* Frameworks */,
				D536F78E251E0A5D003D3716 /* Resources */,
			);
			buildRules = (
			);
			dependencies = (
				D536F792251E0A5D003D3716 /* PBXTargetDependency */,
			);
			name = FlixTests;
			productName = FlixTests;
			productReference = D536F790251E0A5D003D3716 /* FlixTests.xctest */;
			productType = "com.apple.product-type.bundle.unit-test";
		};
		D536F79A251E0A5D003D3716 /* FlixUITests */ = {
			isa = PBXNativeTarget;
			buildConfigurationList = D536F7AA251E0A5D003D3716 /* Build configuration list for PBXNativeTarget "FlixUITests" */;
			buildPhases = (
				D536F797251E0A5D003D3716 /* Sources */,
				D536F798251E0A5D003D3716 /* Frameworks */,
				D536F799251E0A5D003D3716 /* Resources */,
			);
			buildRules = (
			);
			dependencies = (
				D536F79D251E0A5D003D3716 /* PBXTargetDependency */,
			);
			name = FlixUITests;
			productName = FlixUITests;
			productReference = D536F79B251E0A5D003D3716 /* FlixUITests.xctest */;
			productType = "com.apple.product-type.bundle.ui-testing";
		};
/* End PBXNativeTarget section */

/* Begin PBXProject section */
		D536F772251E0A5A003D3716 /* Project object */ = {
			isa = PBXProject;
			attributes = {
				LastSwiftUpdateCheck = 1200;
				LastUpgradeCheck = 1200;
				TargetAttributes = {
					D536F779251E0A5A003D3716 = {
						CreatedOnToolsVersion = 12.0;
					};
					D536F78F251E0A5D003D3716 = {
						CreatedOnToolsVersion = 12.0;
						TestTargetID = D536F779251E0A5A003D3716;
					};
					D536F79A251E0A5D003D3716 = {
						CreatedOnToolsVersion = 12.0;
						TestTargetID = D536F779251E0A5A003D3716;
					};
				};
			};
			buildConfigurationList = D536F775251E0A5A003D3716 /* Build configuration list for PBXProject "Flix" */;
			compatibilityVersion = "Xcode 9.3";
			developmentRegion = en;
			hasScannedForEncodings = 0;
			knownRegions = (
				en,
				Base,
			);
			mainGroup = D536F771251E0A5A003D3716;
			productRefGroup = D536F77B251E0A5A003D3716 /* Products */;
			projectDirPath = "";
			projectRoot = "";
			targets = (
				D536F779251E0A5A003D3716 /* Flix */,
				D536F78F251E0A5D003D3716 /* FlixTests */,
				D536F79A251E0A5D003D3716 /* FlixUITests */,
			);
		};
/* End PBXProject section */

/* Begin PBXResourcesBuildPhase section */
		D536F778251E0A5A003D3716 /* Resources */ = {
			isa = PBXResourcesBuildPhase;
			buildActionMask = 2147483647;
			files = (
				D536F78A251E0A5D003D3716 /* LaunchScreen.storyboard in Resources */,
				D536F787251E0A5D003D3716 /* Assets.xcassets in Resources */,
				D536F785251E0A5A003D3716 /* Main.storyboard in Resources */,
			);
			runOnlyForDeploymentPostprocessing = 0;
		};
		D536F78E251E0A5D003D3716 /* Resources */ = {
			isa = PBXResourcesBuildPhase;
			buildActionMask = 2147483647;
			files = (
			);
			runOnlyForDeploymentPostprocessing = 0;
		};
		D536F799251E0A5D003D3716 /* Resources */ = {
			isa = PBXResourcesBuildPhase;
			buildActionMask = 2147483647;
			files = (
			);
			runOnlyForDeploymentPostprocessing = 0;
		};
/* End PBXResourcesBuildPhase section */

/* Begin PBXSourcesBuildPhase section */
		D536F776251E0A5A003D3716 /* Sources */ = {
			isa = PBXSourcesBuildPhase;
			buildActionMask = 2147483647;
			files = (
				D536F782251E0A5A003D3716 /* ViewController.swift in Sources */,
				D536F77E251E0A5A003D3716 /* AppDelegate.swift in Sources */,
				D536F780251E0A5A003D3716 /* SceneDelegate.swift in Sources */,
			);
			runOnlyForDeploymentPostprocessing = 0;
		};
		D536F78C251E0A5D003D3716 /* Sources */ = {
			isa = PBXSourcesBuildPhase;
			buildActionMask = 2147483647;
			files = (
				D536F795251E0A5D003D3716 /* FlixTests.swift in Sources */,
			);
			runOnlyForDeploymentPostprocessing = 0;
		};
		D536F797251E0A5D003D3716 /* Sources */ = {
			isa = PBXSourcesBuildPhase;
			buildActionMask = 2147483647;
			files = (
				D536F7A0251E0A5D003D3716 /* FlixUITests.swift in Sources */,
			);
			runOnlyForDeploymentPostprocessing = 0;
		};
/* End PBXSourcesBuildPhase section */

/* Begin PBXTargetDependency section */
		D536F792251E0A5D003D3716 /* PBXTargetDependency */ = {
			isa = PBXTargetDependency;
			target = D536F779251E0A5A003D3716 /* Flix */;
			targetProxy = D536F791251E0A5D003D3716 /* PBXContainerItemProxy */;
		};
		D536F79D251E0A5D003D3716 /* PBXTargetDependency */ = {
			isa = PBXTargetDependency;
			target = D536F779251E0A5A003D3716 /* Flix */;
			targetProxy = D536F79C251E0A5D003D3716 /* PBXContainerItemProxy */;
		};
/* End PBXTargetDependency section */

/* Begin PBXVariantGroup section */
		D536F783251E0A5A003D3716 /* Main.storyboard */ = {
			isa = PBXVariantGroup;
			children = (
				D536F784251E0A5A003D3716 /* Base */,
			);
			name = Main.storyboard;
			sourceTree = "<group>";
		};
		D536F788251E0A5D003D3716 /* LaunchScreen.storyboard */ = {
			isa = PBXVariantGroup;
			children = (
				D536F789251E0A5D003D3716 /* Base */,
			);
			name = LaunchScreen.storyboard;
			sourceTree = "<group>";
		};
/* End PBXVariantGroup section */

/* Begin XCBuildConfiguration section */
		D536F7A2251E0A5D003D3716 /* Debug */ = {
			isa = XCBuildConfiguration;
			buildSettings = {
				ALWAYS_SEARCH_USER_PATHS = NO;
				CLANG_ANALYZER_NONNULL = YES;
				CLANG_ANALYZER_NUMBER_OBJECT_CONVERSION = YES_AGGRESSIVE;
				CLANG_CXX_LANGUAGE_STANDARD = "gnu++14";
				CLANG_CXX_LIBRARY = "libc++";
				CLANG_ENABLE_MODULES = YES;
				CLANG_ENABLE_OBJC_ARC = YES;
				CLANG_ENABLE_OBJC_WEAK = YES;
				CLANG_WARN_BLOCK_CAPTURE_AUTORELEASING = YES;
				CLANG_WARN_BOOL_CONVERSION = YES;
				CLANG_WARN_COMMA = YES;
				CLANG_WARN_CONSTANT_CONVERSION = YES;
				CLANG_WARN_DEPRECATED_OBJC_IMPLEMENTATIONS = YES;
				CLANG_WARN_DIRECT_OBJC_ISA_USAGE = YES_ERROR;
				CLANG_WARN_DOCUMENTATION_COMMENTS = YES;
				CLANG_WARN_EMPTY_BODY = YES;
				CLANG_WARN_ENUM_CONVERSION = YES;
				CLANG_WARN_INFINITE_RECURSION = YES;
				CLANG_WARN_INT_CONVERSION = YES;
				CLANG_WARN_NON_LITERAL_NULL_CONVERSION = YES;
				CLANG_WARN_OBJC_IMPLICIT_RETAIN_SELF = YES;
				CLANG_WARN_OBJC_LITERAL_CONVERSION = YES;
				CLANG_WARN_OBJC_ROOT_CLASS = YES_ERROR;
				CLANG_WARN_QUOTED_INCLUDE_IN_FRAMEWORK_HEADER = YES;
				CLANG_WARN_RANGE_LOOP_ANALYSIS = YES;
				CLANG_WARN_STRICT_PROTOTYPES = YES;
				CLANG_WARN_SUSPICIOUS_MOVE = YES;
				CLANG_WARN_UNGUARDED_AVAILABILITY = YES_AGGRESSIVE;
				CLANG_WARN_UNREACHABLE_CODE = YES;
				CLANG_WARN__DUPLICATE_METHOD_MATCH = YES;
				COPY_PHASE_STRIP = NO;
				DEBUG_INFORMATION_FORMAT = dwarf;
				ENABLE_STRICT_OBJC_MSGSEND = YES;
				ENABLE_TESTABILITY = YES;
				GCC_C_LANGUAGE_STANDARD = gnu11;
				GCC_DYNAMIC_NO_PIC = NO;
				GCC_NO_COMMON_BLOCKS = YES;
				GCC_OPTIMIZATION_LEVEL = 0;
				GCC_PREPROCESSOR_DEFINITIONS = (
					"DEBUG=1",
					"$(inherited)",
				);
				GCC_WARN_64_TO_32_BIT_CONVERSION = YES;
				GCC_WARN_ABOUT_RETURN_TYPE = YES_ERROR;
				GCC_WARN_UNDECLARED_SELECTOR = YES;
				GCC_WARN_UNINITIALIZED_AUTOS = YES_AGGRESSIVE;
				GCC_WARN_UNUSED_FUNCTION = YES;
				GCC_WARN_UNUSED_VARIABLE = YES;
				IPHONEOS_DEPLOYMENT_TARGET = 14.0;
				MTL_ENABLE_DEBUG_INFO = INCLUDE_SOURCE;
				MTL_FAST_MATH = YES;
				ONLY_ACTIVE_ARCH = YES;
				SDKROOT = iphoneos;
				SWIFT_ACTIVE_COMPILATION_CONDITIONS = DEBUG;
				SWIFT_OPTIMIZATION_LEVEL = "-Onone";
			};
			name = Debug;
		};
		D536F7A3251E0A5D003D3716 /* Release */ = {
			isa = XCBuildConfiguration;
			buildSettings = {
				ALWAYS_SEARCH_USER_PATHS = NO;
				CLANG_ANALYZER_NONNULL = YES;
				CLANG_ANALYZER_NUMBER_OBJECT_CONVERSION = YES_AGGRESSIVE;
				CLANG_CXX_LANGUAGE_STANDARD = "gnu++14";
				CLANG_CXX_LIBRARY = "libc++";
				CLANG_ENABLE_MODULES = YES;
				CLANG_ENABLE_OBJC_ARC = YES;
				CLANG_ENABLE_OBJC_WEAK = YES;
				CLANG_WARN_BLOCK_CAPTURE_AUTORELEASING = YES;
				CLANG_WARN_BOOL_CONVERSION = YES;
				CLANG_WARN_COMMA = YES;
				CLANG_WARN_CONSTANT_CONVERSION = YES;
				CLANG_WARN_DEPRECATED_OBJC_IMPLEMENTATIONS = YES;
				CLANG_WARN_DIRECT_OBJC_ISA_USAGE = YES_ERROR;
				CLANG_WARN_DOCUMENTATION_COMMENTS = YES;
				CLANG_WARN_EMPTY_BODY = YES;
				CLANG_WARN_ENUM_CONVERSION = YES;
				CLANG_WARN_INFINITE_RECURSION = YES;
				CLANG_WARN_INT_CONVERSION = YES;
				CLANG_WARN_NON_LITERAL_NULL_CONVERSION = YES;
				CLANG_WARN_OBJC_IMPLICIT_RETAIN_SELF = YES;
				CLANG_WARN_OBJC_LITERAL_CONVERSION = YES;
				CLANG_WARN_OBJC_ROOT_CLASS = YES_ERROR;
				CLANG_WARN_QUOTED_INCLUDE_IN_FRAMEWORK_HEADER = YES;
				CLANG_WARN_RANGE_LOOP_ANALYSIS = YES;
				CLANG_WARN_STRICT_PROTOTYPES = YES;
				CLANG_WARN_SUSPICIOUS_MOVE = YES;
				CLANG_WARN_UNGUARDED_AVAILABILITY = YES_AGGRESSIVE;
				CLANG_WARN_UNREACHABLE_CODE = YES;
				CLANG_WARN__DUPLICATE_METHOD_MATCH = YES;
				COPY_PHASE_STRIP = NO;
				DEBUG_INFORMATION_FORMAT = "dwarf-with-dsym";
				ENABLE_NS_ASSERTIONS = NO;
				ENABLE_STRICT_OBJC_MSGSEND = YES;
				GCC_C_LANGUAGE_STANDARD = gnu11;
				GCC_NO_COMMON_BLOCKS = YES;
				GCC_WARN_64_TO_32_BIT_CONVERSION = YES;
				GCC_WARN_ABOUT_RETURN_TYPE = YES_ERROR;
				GCC_WARN_UNDECLARED_SELECTOR = YES;
				GCC_WARN_UNINITIALIZED_AUTOS = YES_AGGRESSIVE;
				GCC_WARN_UNUSED_FUNCTION = YES;
				GCC_WARN_UNUSED_VARIABLE = YES;
				IPHONEOS_DEPLOYMENT_TARGET = 14.0;
				MTL_ENABLE_DEBUG_INFO = NO;
				MTL_FAST_MATH = YES;
				SDKROOT = iphoneos;
				SWIFT_COMPILATION_MODE = wholemodule;
				SWIFT_OPTIMIZATION_LEVEL = "-O";
				VALIDATE_PRODUCT = YES;
			};
			name = Release;
		};
		D536F7A5251E0A5D003D3716 /* Debug */ = {
			isa = XCBuildConfiguration;
			buildSettings = {
				ASSETCATALOG_COMPILER_APPICON_NAME = AppIcon;
				ASSETCATALOG_COMPILER_GLOBAL_ACCENT_COLOR_NAME = AccentColor;
				CODE_SIGN_STYLE = Automatic;
				INFOPLIST_FILE = Flix/Info.plist;
				LD_RUNPATH_SEARCH_PATHS = (
					"$(inherited)",
					"@executable_path/Frameworks",
				);
				PRODUCT_BUNDLE_IDENTIFIER = com.codepath.Flix;
				PRODUCT_NAME = "$(TARGET_NAME)";
				SWIFT_VERSION = 5.0;
				TARGETED_DEVICE_FAMILY = "1,2";
			};
			name = Debug;
		};
		D536F7A6251E0A5D003D3716 /* Release */ = {
			isa = XCBuildConfiguration;
			buildSettings = {
				ASSETCATALOG_COMPILER_APPICON_NAME = AppIcon;
				ASSETCATALOG_COMPILER_GLOBAL_ACCENT_COLOR_NAME = AccentColor;
				CODE_SIGN_STYLE = Automatic;
				INFOPLIST_FILE = Flix/Info.plist;
				LD_RUNPATH_SEARCH_PATHS = (
					"$(inherited)",
					"@executable_path/Frameworks",
				);
				PRODUCT_BUNDLE_IDENTIFIER = com.codepath.Flix;
				PRODUCT_NAME = "$(TARGET_NAME)";
				SWIFT_VERSION = 5.0;
				TARGETED_DEVICE_FAMILY = "1,2";
			};
			name = Release;
		};
		D536F7A8251E0A5D003D3716 /* Debug */ = {
			isa = XCBuildConfiguration;
			buildSettings = {
				ALWAYS_EMBED_SWIFT_STANDARD_LIBRARIES = YES;
				BUNDLE_LOADER = "$(TEST_HOST)";
				CODE_SIGN_STYLE = Automatic;
				INFOPLIST_FILE = FlixTests/Info.plist;
				IPHONEOS_DEPLOYMENT_TARGET = 14.0;
				LD_RUNPATH_SEARCH_PATHS = (
					"$(inherited)",
					"@executable_path/Frameworks",
					"@loader_path/Frameworks",
				);
				PRODUCT_BUNDLE_IDENTIFIER = com.codepath.FlixTests;
				PRODUCT_NAME = "$(TARGET_NAME)";
				SWIFT_VERSION = 5.0;
				TARGETED_DEVICE_FAMILY = "1,2";
				TEST_HOST = "$(BUILT_PRODUCTS_DIR)/Flix.app/Flix";
			};
			name = Debug;
		};
		D536F7A9251E0A5D003D3716 /* Release */ = {
			isa = XCBuildConfiguration;
			buildSettings = {
				ALWAYS_EMBED_SWIFT_STANDARD_LIBRARIES = YES;
				BUNDLE_LOADER = "$(TEST_HOST)";
				CODE_SIGN_STYLE = Automatic;
				INFOPLIST_FILE = FlixTests/Info.plist;
				IPHONEOS_DEPLOYMENT_TARGET = 14.0;
				LD_RUNPATH_SEARCH_PATHS = (
					"$(inherited)",
					"@executable_path/Frameworks",
					"@loader_path/Frameworks",
				);
				PRODUCT_BUNDLE_IDENTIFIER = com.codepath.FlixTests;
				PRODUCT_NAME = "$(TARGET_NAME)";
				SWIFT_VERSION = 5.0;
				TARGETED_DEVICE_FAMILY = "1,2";
				TEST_HOST = "$(BUILT_PRODUCTS_DIR)/Flix.app/Flix";
			};
			name = Release;
		};
		D536F7AB251E0A5D003D3716 /* Debug */ = {
			isa = XCBuildConfiguration;
			buildSettings = {
				ALWAYS_EMBED_SWIFT_STANDARD_LIBRARIES = YES;
				CODE_SIGN_STYLE = Automatic;
				INFOPLIST_FILE = FlixUITests/Info.plist;
				LD_RUNPATH_SEARCH_PATHS = (
					"$(inherited)",
					"@executable_path/Frameworks",
					"@loader_path/Frameworks",
				);
				PRODUCT_BUNDLE_IDENTIFIER = com.codepath.FlixUITests;
				PRODUCT_NAME = "$(TARGET_NAME)";
				SWIFT_VERSION = 5.0;
				TARGETED_DEVICE_FAMILY = "1,2";
				TEST_TARGET_NAME = Flix;
			};
			name = Debug;
		};
		D536F7AC251E0A5D003D3716 /* Release */ = {
			isa = XCBuildConfiguration;
			buildSettings = {
				ALWAYS_EMBED_SWIFT_STANDARD_LIBRARIES = YES;
				CODE_SIGN_STYLE = Automatic;
				INFOPLIST_FILE = FlixUITests/Info.plist;
				LD_RUNPATH_SEARCH_PATHS = (
					"$(inherited)",
					"@executable_path/Frameworks",
					"@loader_path/Frameworks",
				);
				PRODUCT_BUNDLE_IDENTIFIER = com.codepath.FlixUITests;
				PRODUCT_NAME = "$(TARGET_NAME)";
				SWIFT_VERSION = 5.0;
				TARGETED_DEVICE_FAMILY = "1,2";
				TEST_TARGET_NAME = Flix;
			};
			name = Release;
		};
/* End XCBuildConfiguration section */

/* Begin XCConfigurationList section */
		D536F775251E0A5A003D3716 /* Build configuration list for PBXProject "Flix" */ = {
			isa = XCConfigurationList;
			buildConfigurations = (
				D536F7A2251E0A5D003D3716 /* Debug */,
				D536F7A3251E0A5D003D3716 /* Release */,
			);
			defaultConfigurationIsVisible = 0;
			defaultConfigurationName = Release;
		};
		D536F7A4251E0A5D003D3716 /* Build configuration list for PBXNativeTarget "Flix" */ = {
			isa = XCConfigurationList;
			buildConfigurations = (
				D536F7A5251E0A5D003D3716 /* Debug */,
				D536F7A6251E0A5D003D3716 /* Release */,
			);
			defaultConfigurationIsVisible = 0;
			defaultConfigurationName = Release;
		};
		D536F7A7251E0A5D003D3716 /* Build configuration list for PBXNativeTarget "FlixTests" */ = {
			isa = XCConfigurationList;
			buildConfigurations = (
				D536F7A8251E0A5D003D3716 /* Debug */,
				D536F7A9251E0A5D003D3716 /* Release */,
			);
			defaultConfigurationIsVisible = 0;
			defaultConfigurationName = Release;
		};
		D536F7AA251E0A5D003D3716 /* Build configuration list for PBXNativeTarget "FlixUITests" */ = {
			isa = XCConfigurationList;
			buildConfigurations = (
				D536F7AB251E0A5D003D3716 /* Debug */,
				D536F7AC251E0A5D003D3716 /* Release */,
			);
			defaultConfigurationIsVisible = 0;
			defaultConfigurationName = Release;
		};
/* End XCConfigurationList section */
	};
	rootObject = D536F772251E0A5A003D3716 /* Project object */;
}
